
Microsoft Visual Studio Solution File, Format Version 12.00
# Visual Studio 14
VisualStudioVersion = 14.0.25420.1
MinimumVisualStudioVersion = 10.0.40219.1
Project("{FAE04EC0-301F-11D3-BF4B-00C04F79EFBC}") = "LibraryinfoSystem", "LibraryinfoSystem\LibraryinfoSystem.csproj", "{BA1A7EBA-2AC1-47C8-976E-A5E576C4B97A}"
EndProject
Project("{FAE04EC0-301F-11D3-BF4B-00C04F79EFBC}") = "BLL", "BLL\BLL.csproj", "{99E460FC-C630-4D0D-BBC8-D182A4296112}"
EndProject
Project("{FAE04EC0-301F-11D3-BF4B-00C04F79EFBC}") = "DAL", "DAL\DAL.csproj", "{B8B3F158-FEBF-4D08-8CF0-F5F9FAE9E9A2}"
EndProject
Project("{FAE04EC0-301F-11D3-BF4B-00C04F79EFBC}") = "Model", "Model\Model.csproj", "{F005A589-42D0-4691-B37D-B78374F32E3A}"
EndProject
Project("{FAE04EC0-301F-11D3-BF4B-00C04F79EFBC}") = "Utility", "Utility\Utility.csproj", "{A604DFFC-838E-42B4-9F28-1585CEC64CB6}"
EndProject
Global
	GlobalSection(SolutionConfigurationPlatforms) = preSolution
		Debug|Any CPU = Debug|Any CPU
		Release|Any CPU = Release|Any CPU
	EndGlobalSection
	GlobalSection(ProjectConfigurationPlatforms) = postSolution
		{BA1A7EBA-2AC1-47C8-976E-A5E576C4B97A}.Debug|Any CPU.ActiveCfg = Debug|Any CPU
		{BA1A7EBA-2AC1-47C8-976E-A5E576C4B97A}.Debug|Any CPU.Build.0 = Debug|Any CPU
		{BA1A7EBA-2AC1-47C8-976E-A5E576C4B97A}.Release|Any CPU.ActiveCfg = Release|Any CPU
		{BA1A7EBA-2AC1-47C8-976E-A5E576C4B97A}.Release|Any CPU.Build.0 = Release|Any CPU
		{99E460FC-C630-4D0D-BBC8-D182A4296112}.Debug|Any CPU.ActiveCfg = Debug|Any CPU
		{99E460FC-C630-4D0D-BBC8-D182A4296112}.Debug|Any CPU.Build.0 = Debug|Any CPU
		{99E460FC-C630-4D0D-BBC8-D182A4296112}.Release|Any CPU.ActiveCfg = Release|Any CPU
		{99E460FC-C630-4D0D-BBC8-D182A4296112}.Release|Any CPU.Build.0 = Release|Any CPU
		{B8B3F158-FEBF-4D08-8CF0-F5F9FAE9E9A2}.Debug|Any CPU.ActiveCfg = Debug|Any CPU
		{B8B3F158-FEBF-4D08-8CF0-F5F9FAE9E9A2}.Debug|Any CPU.Build.0 = Debug|Any CPU
		{B8B3F158-FEBF-4D08-8CF0-F5F9FAE9E9A2}.Release|Any CPU.ActiveCfg = Release|Any CPU
		{B8B3F158-FEBF-4D08-8CF0-F5F9FAE9E9A2}.Release|Any CPU.Build.0 = Release|Any CPU
		{F005A589-42D0-4691-B37D-B78374F32E3A}.Debug|Any CPU.ActiveCfg = Debug|Any CPU
		{F005A589-42D0-4691-B37D-B78374F32E3A}.Debug|Any CPU.Build.0 = Debug|Any CPU
		{F005A589-42D0-4691-B37D-B78374F32E3A}.Release|Any CPU.ActiveCfg = Release|Any CPU
		{F005A589-42D0-4691-B37D-B78374F32E3A}.Release|Any CPU.Build.0 = Release|Any CPU
		{A604DFFC-838E-42B4-9F28-1585CEC64CB6}.Debug|Any CPU.ActiveCfg = Debug|Any CPU
		{A604DFFC-838E-42B4-9F28-1585CEC64CB6}.Debug|Any CPU.Build.0 = Debug|Any CPU
		{A604DFFC-838E-42B4-9F28-1585CEC64CB6}.Release|Any CPU.ActiveCfg = Release|Any CPU
		{A604DFFC-838E-42B4-9F28-1585CEC64CB6}.Release|Any CPU.Build.0 = Release|Any CPU
	EndGlobalSection
	GlobalSection(SolutionProperties) = preSolution
		HideSolutionNode = FALSE
	EndGlobalSection
EndGlobal
